
Microsoft Visual Studio Solution File, Format Version 12.00
# Visual Studio Version 17
VisualStudioVersion = 17.1.32210.238
MinimumVisualStudioVersion = 10.0.40219.1
Project("{FAE04EC0-301F-11D3-BF4B-00C04F79EFBC}") = "WFA_KimBilir", "WFA_KimBilir\WFA_KimBilir.csproj", "{BB8BB642-5748-4A10-859B-F075F2D504D5}"
EndProject
Global
	GlobalSection(SolutionConfigurationPlatforms) = preSolution
		Debug|Any CPU = Debug|Any CPU
		Release|Any CPU = Release|Any CPU
	EndGlobalSection
	GlobalSection(ProjectConfigurationPlatforms) = postSolution
		{BB8BB642-5748-4A10-859B-F075F2D504D5}.Debug|Any CPU.ActiveCfg = Debug|Any CPU
		{BB8BB642-5748-4A10-859B-F075F2D504D5}.Debug|Any CPU.Build.0 = Debug|Any CPU
		{BB8BB642-5748-4A10-859B-F075F2D504D5}.Release|Any CPU.ActiveCfg = Release|Any CPU
		{BB8BB642-5748-4A10-859B-F075F2D504D5}.Release|Any CPU.Build.0 = Release|Any CPU
	EndGlobalSection
	GlobalSection(SolutionProperties) = preSolution
		HideSolutionNode = FALSE
	EndGlobalSection
	GlobalSection(ExtensibilityGlobals) = postSolution
		SolutionGuid = {A9B74B7A-55F2-4881-97A7-2F886AE5B741}
	EndGlobalSection
EndGlobal
